
Microsoft Visual Studio Solution File, Format Version 12.00
# Visual Studio Version 17
VisualStudioVersion = 17.3.32825.248
MinimumVisualStudioVersion = 10.0.40219.1
Project("{8BC9CEB8-8B4A-11D0-8D11-00A0C91BC942}") = "PDIDLLWrapperX64", "PDIDLLWrapperX64\PDIDLLWrapperX64.vcxproj", "{F2B4DF73-E3DA-48C0-9308-BE9EF37D4729}"
EndProject
Project("{FAE04EC0-301F-11D3-BF4B-00C04F79EFBC}") = "Device.Polhemus", "Device.Polhemus\Device.Polhemus.csproj", "{8903EFBE-5976-4B6B-BE65-CCC34B9EAD39}"
EndProject
Project("{FAE04EC0-301F-11D3-BF4B-00C04F79EFBC}") = "Device.Motion", "Device.Motion\Device.Motion.csproj", "{144D2426-3DF2-4BAB-9C0F-D001FF7718E7}"
EndProject
Project("{FAE04EC0-301F-11D3-BF4B-00C04F79EFBC}") = "USBClassLibrary", "USBClassLibrary\USBClassLibrary.csproj", "{B89A0E26-8A40-4EB2-BEEC-100359BCE76E}"
EndProject
Project("{8BC9CEB8-8B4A-11D0-8D11-00A0C91BC942}") = "PDIDLLWrapperX86", "PDIDLLWrapperX86\PDIDLLWrapperX86.vcxproj", "{342D8A44-4210-4330-A000-2B3BA48A8D11}"
EndProject
Project("{FAE04EC0-301F-11D3-BF4B-00C04F79EFBC}") = "BeautySim.Globalization", "BeautySim.Globalization\BeautySim.Globalization.csproj", "{DCB2BE06-A454-449F-8D50-FA8F273C40EA}"
EndProject
Project("{FAE04EC0-301F-11D3-BF4B-00C04F79EFBC}") = "BeautySim2023", "BeautySim2023\BeautySim2023.csproj", "{6B3E1E72-ED09-4122-BF50-A5D6BFE1112A}"
EndProject
Project("{FAE04EC0-301F-11D3-BF4B-00C04F79EFBC}") = "Device.BeautySim", "Device.BeautySim\Device.BeautySim.csproj", "{FAE08B67-45D0-4DE8-8422-D3BD09710752}"
EndProject
Project("{FAE04EC0-301F-11D3-BF4B-00C04F79EFBC}") = "InjectionPointManager", "InjectionPointsDefinitor\InjectionPointManager.csproj", "{EEEF6EA0-2FCD-46F7-A779-AC2FCBFE896F}"
EndProject
Project("{FAE04EC0-301F-11D3-BF4B-00C04F79EFBC}") = "BeautySim.Common", "BeautySim.Common\BeautySim.Common.csproj", "{E559C120-E490-4771-9F9D-7BA6150543EF}"
EndProject
Global
	GlobalSection(SolutionConfigurationPlatforms) = preSolution
		Debug|Any CPU = Debug|Any CPU
		Debug|x64 = Debug|x64
		Debug|x86 = Debug|x86
		Release|Any CPU = Release|Any CPU
		Release|x64 = Release|x64
		Release|x86 = Release|x86
	EndGlobalSection
	GlobalSection(ProjectConfigurationPlatforms) = postSolution
		{F2B4DF73-E3DA-48C0-9308-BE9EF37D4729}.Debug|Any CPU.ActiveCfg = Debug|Win32
		{F2B4DF73-E3DA-48C0-9308-BE9EF37D4729}.Debug|x64.ActiveCfg = Debug|x64
		{F2B4DF73-E3DA-48C0-9308-BE9EF37D4729}.Debug|x64.Build.0 = Debug|x64
		{F2B4DF73-E3DA-48C0-9308-BE9EF37D4729}.Debug|x86.ActiveCfg = Debug|Win32
		{F2B4DF73-E3DA-48C0-9308-BE9EF37D4729}.Debug|x86.Build.0 = Debug|Win32
		{F2B4DF73-E3DA-48C0-9308-BE9EF37D4729}.Release|Any CPU.ActiveCfg = Release|Win32
		{F2B4DF73-E3DA-48C0-9308-BE9EF37D4729}.Release|x64.ActiveCfg = Release|x64
		{F2B4DF73-E3DA-48C0-9308-BE9EF37D4729}.Release|x64.Build.0 = Release|x64
		{F2B4DF73-E3DA-48C0-9308-BE9EF37D4729}.Release|x86.ActiveCfg = Release|Win32
		{F2B4DF73-E3DA-48C0-9308-BE9EF37D4729}.Release|x86.Build.0 = Release|Win32
		{8903EFBE-5976-4B6B-BE65-CCC34B9EAD39}.Debug|Any CPU.ActiveCfg = Debug|Any CPU
		{8903EFBE-5976-4B6B-BE65-CCC34B9EAD39}.Debug|Any CPU.Build.0 = Debug|Any CPU
		{8903EFBE-5976-4B6B-BE65-CCC34B9EAD39}.Debug|x64.ActiveCfg = Debug|Any CPU
		{8903EFBE-5976-4B6B-BE65-CCC34B9EAD39}.Debug|x64.Build.0 = Debug|Any CPU
		{8903EFBE-5976-4B6B-BE65-CCC34B9EAD39}.Debug|x86.ActiveCfg = Debug|Any CPU
		{8903EFBE-5976-4B6B-BE65-CCC34B9EAD39}.Debug|x86.Build.0 = Debug|Any CPU
		{8903EFBE-5976-4B6B-BE65-CCC34B9EAD39}.Release|Any CPU.ActiveCfg = Release|Any CPU
		{8903EFBE-5976-4B6B-BE65-CCC34B9EAD39}.Release|Any CPU.Build.0 = Release|Any CPU
		{8903EFBE-5976-4B6B-BE65-CCC34B9EAD39}.Release|x64.ActiveCfg = Release|Any CPU
		{8903EFBE-5976-4B6B-BE65-CCC34B9EAD39}.Release|x64.Build.0 = Release|Any CPU
		{8903EFBE-5976-4B6B-BE65-CCC34B9EAD39}.Release|x86.ActiveCfg = Release|Any CPU
		{8903EFBE-5976-4B6B-BE65-CCC34B9EAD39}.Release|x86.Build.0 = Release|Any CPU
		{144D2426-3DF2-4BAB-9C0F-D001FF7718E7}.Debug|Any CPU.ActiveCfg = Debug|Any CPU
		{144D2426-3DF2-4BAB-9C0F-D001FF7718E7}.Debug|Any CPU.Build.0 = Debug|Any CPU
		{144D2426-3DF2-4BAB-9C0F-D001FF7718E7}.Debug|x64.ActiveCfg = Debug|Any CPU
		{144D2426-3DF2-4BAB-9C0F-D001FF7718E7}.Debug|x64.Build.0 = Debug|Any CPU
		{144D2426-3DF2-4BAB-9C0F-D001FF7718E7}.Debug|x86.ActiveCfg = Debug|Any CPU
		{144D2426-3DF2-4BAB-9C0F-D001FF7718E7}.Debug|x86.Build.0 = Debug|Any CPU
		{144D2426-3DF2-4BAB-9C0F-D001FF7718E7}.Release|Any CPU.ActiveCfg = Release|Any CPU
		{144D2426-3DF2-4BAB-9C0F-D001FF7718E7}.Release|Any CPU.Build.0 = Release|Any CPU
		{144D2426-3DF2-4BAB-9C0F-D001FF7718E7}.Release|x64.ActiveCfg = Release|Any CPU
		{144D2426-3DF2-4BAB-9C0F-D001FF7718E7}.Release|x64.Build.0 = Release|Any CPU
		{144D2426-3DF2-4BAB-9C0F-D001FF7718E7}.Release|x86.ActiveCfg = Release|Any CPU
		{144D2426-3DF2-4BAB-9C0F-D001FF7718E7}.Release|x86.Build.0 = Release|Any CPU
		{B89A0E26-8A40-4EB2-BEEC-100359BCE76E}.Debug|Any CPU.ActiveCfg = Debug|Any CPU
		{B89A0E26-8A40-4EB2-BEEC-100359BCE76E}.Debug|Any CPU.Build.0 = Debug|Any CPU
		{B89A0E26-8A40-4EB2-BEEC-100359BCE76E}.Debug|x64.ActiveCfg = Debug|Any CPU
		{B89A0E26-8A40-4EB2-BEEC-100359BCE76E}.Debug|x64.Build.0 = Debug|Any CPU
		{B89A0E26-8A40-4EB2-BEEC-100359BCE76E}.Debug|x86.ActiveCfg = Debug|Any CPU
		{B89A0E26-8A40-4EB2-BEEC-100359BCE76E}.Debug|x86.Build.0 = Debug|Any CPU
		{B89A0E26-8A40-4EB2-BEEC-100359BCE76E}.Release|Any CPU.ActiveCfg = Release|Any CPU
		{B89A0E26-8A40-4EB2-BEEC-100359BCE76E}.Release|Any CPU.Build.0 = Release|Any CPU
		{B89A0E26-8A40-4EB2-BEEC-100359BCE76E}.Release|x64.ActiveCfg = Release|Any CPU
		{B89A0E26-8A40-4EB2-BEEC-100359BCE76E}.Release|x64.Build.0 = Release|Any CPU
		{B89A0E26-8A40-4EB2-BEEC-100359BCE76E}.Release|x86.ActiveCfg = Release|Any CPU
		{B89A0E26-8A40-4EB2-BEEC-100359BCE76E}.Release|x86.Build.0 = Release|Any CPU
		{342D8A44-4210-4330-A000-2B3BA48A8D11}.Debug|Any CPU.ActiveCfg = Debug|Win32
		{342D8A44-4210-4330-A000-2B3BA48A8D11}.Debug|x64.ActiveCfg = Debug|Win32
		{342D8A44-4210-4330-A000-2B3BA48A8D11}.Debug|x86.ActiveCfg = Debug|Win32
		{342D8A44-4210-4330-A000-2B3BA48A8D11}.Debug|x86.Build.0 = Debug|Win32
		{342D8A44-4210-4330-A000-2B3BA48A8D11}.Release|Any CPU.ActiveCfg = Release|Win32
		{342D8A44-4210-4330-A000-2B3BA48A8D11}.Release|x64.ActiveCfg = Release|Win32
		{342D8A44-4210-4330-A000-2B3BA48A8D11}.Release|x86.ActiveCfg = Release|Win32
		{342D8A44-4210-4330-A000-2B3BA48A8D11}.Release|x86.Build.0 = Release|Win32
		{DCB2BE06-A454-449F-8D50-FA8F273C40EA}.Debug|Any CPU.ActiveCfg = Debug|Any CPU
		{DCB2BE06-A454-449F-8D50-FA8F273C40EA}.Debug|Any CPU.Build.0 = Debug|Any CPU
		{DCB2BE06-A454-449F-8D50-FA8F273C40EA}.Debug|x64.ActiveCfg = Debug|Any CPU
		{DCB2BE06-A454-449F-8D50-FA8F273C40EA}.Debug|x64.Build.0 = Debug|Any CPU
		{DCB2BE06-A454-449F-8D50-FA8F273C40EA}.Debug|x86.ActiveCfg = Debug|Any CPU
		{DCB2BE06-A454-449F-8D50-FA8F273C40EA}.Debug|x86.Build.0 = Debug|Any CPU
		{DCB2BE06-A454-449F-8D50-FA8F273C40EA}.Release|Any CPU.ActiveCfg = Release|Any CPU
		{DCB2BE06-A454-449F-8D50-FA8F273C40EA}.Release|Any CPU.Build.0 = Release|Any CPU
		{DCB2BE06-A454-449F-8D50-FA8F273C40EA}.Release|x64.ActiveCfg = Release|Any CPU
		{DCB2BE06-A454-449F-8D50-FA8F273C40EA}.Release|x64.Build.0 = Release|Any CPU
		{DCB2BE06-A454-449F-8D50-FA8F273C40EA}.Release|x86.ActiveCfg = Release|Any CPU
		{DCB2BE06-A454-449F-8D50-FA8F273C40EA}.Release|x86.Build.0 = Release|Any CPU
		{6B3E1E72-ED09-4122-BF50-A5D6BFE1112A}.Debug|Any CPU.ActiveCfg = Debug|Any CPU
		{6B3E1E72-ED09-4122-BF50-A5D6BFE1112A}.Debug|Any CPU.Build.0 = Debug|Any CPU
		{6B3E1E72-ED09-4122-BF50-A5D6BFE1112A}.Debug|x64.ActiveCfg = Debug|Any CPU
		{6B3E1E72-ED09-4122-BF50-A5D6BFE1112A}.Debug|x64.Build.0 = Debug|Any CPU
		{6B3E1E72-ED09-4122-BF50-A5D6BFE1112A}.Debug|x86.ActiveCfg = Debug|Any CPU
		{6B3E1E72-ED09-4122-BF50-A5D6BFE1112A}.Debug|x86.Build.0 = Debug|Any CPU
		{6B3E1E72-ED09-4122-BF50-A5D6BFE1112A}.Release|Any CPU.ActiveCfg = Release|Any CPU
		{6B3E1E72-ED09-4122-BF50-A5D6BFE1112A}.Release|Any CPU.Build.0 = Release|Any CPU
		{6B3E1E72-ED09-4122-BF50-A5D6BFE1112A}.Release|x64.ActiveCfg = Release|Any CPU
		{6B3E1E72-ED09-4122-BF50-A5D6BFE1112A}.Release|x64.Build.0 = Release|Any CPU
		{6B3E1E72-ED09-4122-BF50-A5D6BFE1112A}.Release|x86.ActiveCfg = Release|Any CPU
		{6B3E1E72-ED09-4122-BF50-A5D6BFE1112A}.Release|x86.Build.0 = Release|Any CPU
		{FAE08B67-45D0-4DE8-8422-D3BD09710752}.Debug|Any CPU.ActiveCfg = Debug|Any CPU
		{FAE08B67-45D0-4DE8-8422-D3BD09710752}.Debug|Any CPU.Build.0 = Debug|Any CPU
		{FAE08B67-45D0-4DE8-8422-D3BD09710752}.Debug|x64.ActiveCfg = Debug|Any CPU
		{FAE08B67-45D0-4DE8-8422-D3BD09710752}.Debug|x64.Build.0 = Debug|Any CPU
		{FAE08B67-45D0-4DE8-8422-D3BD09710752}.Debug|x86.ActiveCfg = Debug|Any CPU
		{FAE08B67-45D0-4DE8-8422-D3BD09710752}.Debug|x86.Build.0 = Debug|Any CPU
		{FAE08B67-45D0-4DE8-8422-D3BD09710752}.Release|Any CPU.ActiveCfg = Release|Any CPU
		{FAE08B67-45D0-4DE8-8422-D3BD09710752}.Release|Any CPU.Build.0 = Release|Any CPU
		{FAE08B67-45D0-4DE8-8422-D3BD09710752}.Release|x64.ActiveCfg = Release|Any CPU
		{FAE08B67-45D0-4DE8-8422-D3BD09710752}.Release|x64.Build.0 = Release|Any CPU
		{FAE08B67-45D0-4DE8-8422-D3BD09710752}.Release|x86.ActiveCfg = Release|Any CPU
		{FAE08B67-45D0-4DE8-8422-D3BD09710752}.Release|x86.Build.0 = Release|Any CPU
		{EEEF6EA0-2FCD-46F7-A779-AC2FCBFE896F}.Debug|Any CPU.ActiveCfg = Debug|Any CPU
		{EEEF6EA0-2FCD-46F7-A779-AC2FCBFE896F}.Debug|Any CPU.Build.0 = Debug|Any CPU
		{EEEF6EA0-2FCD-46F7-A779-AC2FCBFE896F}.Debug|x64.ActiveCfg = Debug|Any CPU
		{EEEF6EA0-2FCD-46F7-A779-AC2FCBFE896F}.Debug|x64.Build.0 = Debug|Any CPU
		{EEEF6EA0-2FCD-46F7-A779-AC2FCBFE896F}.Debug|x86.ActiveCfg = Debug|Any CPU
		{EEEF6EA0-2FCD-46F7-A779-AC2FCBFE896F}.Debug|x86.Build.0 = Debug|Any CPU
		{EEEF6EA0-2FCD-46F7-A779-AC2FCBFE896F}.Release|Any CPU.ActiveCfg = Release|Any CPU
		{EEEF6EA0-2FCD-46F7-A779-AC2FCBFE896F}.Release|Any CPU.Build.0 = Release|Any CPU
		{EEEF6EA0-2FCD-46F7-A779-AC2FCBFE896F}.Release|x64.ActiveCfg = Release|Any CPU
		{EEEF6EA0-2FCD-46F7-A779-AC2FCBFE896F}.Release|x64.Build.0 = Release|Any CPU
		{EEEF6EA0-2FCD-46F7-A779-AC2FCBFE896F}.Release|x86.ActiveCfg = Release|Any CPU
		{EEEF6EA0-2FCD-46F7-A779-AC2FCBFE896F}.Release|x86.Build.0 = Release|Any CPU
		{E559C120-E490-4771-9F9D-7BA6150543EF}.Debug|Any CPU.ActiveCfg = Debug|Any CPU
		{E559C120-E490-4771-9F9D-7BA6150543EF}.Debug|Any CPU.Build.0 = Debug|Any CPU
		{E559C120-E490-4771-9F9D-7BA6150543EF}.Debug|x64.ActiveCfg = Debug|Any CPU
		{E559C120-E490-4771-9F9D-7BA6150543EF}.Debug|x64.Build.0 = Debug|Any CPU
		{E559C120-E490-4771-9F9D-7BA6150543EF}.Debug|x86.ActiveCfg = Debug|Any CPU
		{E559C120-E490-4771-9F9D-7BA6150543EF}.Debug|x86.Build.0 = Debug|Any CPU
		{E559C120-E490-4771-9F9D-7BA6150543EF}.Release|Any CPU.ActiveCfg = Release|Any CPU
		{E559C120-E490-4771-9F9D-7BA6150543EF}.Release|Any CPU.Build.0 = Release|Any CPU
		{E559C120-E490-4771-9F9D-7BA6150543EF}.Release|x64.ActiveCfg = Release|Any CPU
		{E559C120-E490-4771-9F9D-7BA6150543EF}.Release|x64.Build.0 = Release|Any CPU
		{E559C120-E490-4771-9F9D-7BA6150543EF}.Release|x86.ActiveCfg = Release|Any CPU
		{E559C120-E490-4771-9F9D-7BA6150543EF}.Release|x86.Build.0 = Release|Any CPU
	EndGlobalSection
	GlobalSection(SolutionProperties) = preSolution
		HideSolutionNode = FALSE
	EndGlobalSection
	GlobalSection(ExtensibilityGlobals) = postSolution
		SolutionGuid = {F946ED37-7977-449E-BDD0-99178B06004B}
	EndGlobalSection
EndGlobal
